
Microsoft Visual Studio Solution File, Format Version 12.00
# Visual Studio Version 17
VisualStudioVersion = 17.1.32421.90
MinimumVisualStudioVersion = 10.0.40219.1
Project("{FAE04EC0-301F-11D3-BF4B-00C04F79EFBC}") = "PLCStationInterface", "PLCStationInterface\PLCStationInterface.csproj", "{3E30399F-6F97-4D85-B119-FA45F28174C0}"
EndProject
Global
	GlobalSection(SolutionConfigurationPlatforms) = preSolution
		Debug|Any CPU = Debug|Any CPU
		Release|Any CPU = Release|Any CPU
	EndGlobalSection
	GlobalSection(ProjectConfigurationPlatforms) = postSolution
		{3E30399F-6F97-4D85-B119-FA45F28174C0}.Debug|Any CPU.ActiveCfg = Debug|Any CPU
		{3E30399F-6F97-4D85-B119-FA45F28174C0}.Debug|Any CPU.Build.0 = Debug|Any CPU
		{3E30399F-6F97-4D85-B119-FA45F28174C0}.Release|Any CPU.ActiveCfg = Release|Any CPU
		{3E30399F-6F97-4D85-B119-FA45F28174C0}.Release|Any CPU.Build.0 = Release|Any CPU
	EndGlobalSection
	GlobalSection(SolutionProperties) = preSolution
		HideSolutionNode = FALSE
	EndGlobalSection
	GlobalSection(ExtensibilityGlobals) = postSolution
		SolutionGuid = {0354BBFA-04E2-4A25-ABCE-F2B2B058DAB4}
	EndGlobalSection
EndGlobal
